{
    "_readme": [
        "This file locks the dependencies of your project to a known state",
        "Read more about it at https://getcomposer.org/doc/01-basic-usage.md#installing-dependencies",
        "This file is @generated automatically"
    ],
    "content-hash": "81efdb3a69da65bb0551e7cde0359d77",
    "packages": [
        {
            "name": "monolog/monolog",
            "version": "1.24.0",
            "source": {
                "type": "git",
                "url": "https://github.com/Seldaek/monolog.git",
                "reference": "bfc9ebb28f97e7a24c45bdc3f0ff482e47bb0266"
            },
            "dist": {
                "type": "zip",
                "url": "https://api.github.com/repos/Seldaek/monolog/zipball/bfc9ebb28f97e7a24c45bdc3f0ff482e47bb0266",
                "reference": "bfc9ebb28f97e7a24c45bdc3f0ff482e47bb0266",
                "shasum": ""
            },
            "require": {
                "php": ">=5.3.0",
                "psr/log": "~1.0"
            },
            "provide": {
                "psr/log-implementation": "1.0.0"
            },
            "require-dev": {
                "aws/aws-sdk-php": "^2.4.9 || ^3.0",
                "doctrine/couchdb": "~1.0@dev",
                "graylog2/gelf-php": "~1.0",
                "jakub-onderka/php-parallel-lint": "0.9",
                "php-amqplib/php-amqplib": "~2.4",
                "php-console/php-console": "^3.1.3",
                "phpunit/phpunit": "~4.5",
                "phpunit/phpunit-mock-objects": "2.3.0",
                "ruflin/elastica": ">=0.90 <3.0",
                "sentry/sentry": "^0.13",
                "swiftmailer/swiftmailer": "^5.3|^6.0"
            },
            "suggest": {
                "aws/aws-sdk-php": "Allow sending log messages to AWS services like DynamoDB",
                "doctrine/couchdb": "Allow sending log messages to a CouchDB server",
                "ext-amqp": "Allow sending log messages to an AMQP server (1.0+ required)",
                "ext-mongo": "Allow sending log messages to a MongoDB server",
                "graylog2/gelf-php": "Allow sending log messages to a GrayLog2 server",
                "mongodb/mongodb": "Allow sending log messages to a MongoDB server via PHP Driver",
                "php-amqplib/php-amqplib": "Allow sending log messages to an AMQP server using php-amqplib",
                "php-console/php-console": "Allow sending log messages to Google Chrome",
                "rollbar/rollbar": "Allow sending log messages to Rollbar",
                "ruflin/elastica": "Allow sending log messages to an Elastic Search server",
                "sentry/sentry": "Allow sending log messages to a Sentry server"
            },
            "type": "library",
            "extra": {
                "branch-alias": {
                    "dev-master": "2.0.x-dev"
                }
            },
            "autoload": {
                "psr-4": {
                    "Monolog\\": "src/Monolog"
                }
            },
            "notification-url": "https://packagist.org/downloads/",
            "license": [
                "MIT"
            ],
            "authors": [
                {
                    "name": "Jordi Boggiano",
                    "email": "j.boggiano@seld.be",
                    "homepage": "http://seld.be"
                }
            ],
            "description": "Sends your logs to files, sockets, inboxes, databases and various web services",
            "homepage": "http://github.com/Seldaek/monolog",
            "keywords": [
                "log",
                "logging",
                "psr-3"
            ],
            "time": "2018-11-05T09:00:11+00:00"
        },
        {
            "name": "psr/log",
            "version": "1.1.0",
            "source": {
                "type": "git",
                "url": "https://github.com/php-fig/log.git",
                "reference": "6c001f1daafa3a3ac1d8ff69ee4db8e799a654dd"
            },
            "dist": {
                "type": "zip",
                "url": "https://api.github.com/repos/php-fig/log/zipball/6c001f1daafa3a3ac1d8ff69ee4db8e799a654dd",
                "reference": "6c001f1daafa3a3ac1d8ff69ee4db8e799a654dd",
                "shasum": ""
            },
            "require": {
                "php": ">=5.3.0"
            },
            "type": "library",
            "extra": {
                "branch-alias": {
                    "dev-master": "1.0.x-dev"
                }
            },
            "autoload": {
                "psr-4": {
                    "Psr\\Log\\": "Psr/Log/"
                }
            },
            "notification-url": "https://packagist.org/downloads/",
            "license": [
                "MIT"
            ],
            "authors": [
                {
                    "name": "PHP-FIG",
                    "homepage": "http://www.php-fig.org/"
                }
            ],
            "description": "Common interface for logging libraries",
            "homepage": "https://github.com/php-fig/log",
            "keywords": [
                "log",
                "psr",
                "psr-3"
            ],
            "time": "2018-11-20T15:27:04+00:00"
        },
        {
            "name": "rain_sunshine_cloud/jwt_token",
            "version": "v1.0",
            "source": {
                "type": "git",
                "url": "https://github.com/RainSunshineCloud/jwt_token.git",
                "reference": "ad6bcbe7a10c239f392249d575b31b133cf4d4f2"
            },
            "dist": {
                "type": "zip",
                "url": "https://api.github.com/repos/RainSunshineCloud/jwt_token/zipball/ad6bcbe7a10c239f392249d575b31b133cf4d4f2",
                "reference": "ad6bcbe7a10c239f392249d575b31b133cf4d4f2",
                "shasum": ""
            },
            "require": {
                "php": ">=5.3.0"
            },
            "type": "library",
            "autoload": {
                "psr-4": {
                    "RainSunshineCloud\\": "src/"
                }
            },
            "notification-url": "https://packagist.org/downloads/",
            "authors": [
                {
                    "name": "RainSunshineCloud",
                    "email": "931035553@qq.com"
                }
            ],
            "time": "2019-03-05T09:33:59+00:00"
        },
        {
            "name": "rain_sunshine_cloud/model",
            "version": "dev-master",
            "source": {
                "type": "git",
                "url": "https://github.com/RainSunshineCloud/model.git",
                "reference": "56c1707d50109868a63bf147a3f15a6472c6f21e"
            },
            "dist": {
                "type": "zip",
                "url": "https://api.github.com/repos/RainSunshineCloud/model/zipball/56c1707d50109868a63bf147a3f15a6472c6f21e",
                "reference": "56c1707d50109868a63bf147a3f15a6472c6f21e",
                "shasum": ""
            },
            "require": {
                "php": ">=5.3.0",
                "rain_sunshine_cloud/sql": "dev-master"
            },
            "type": "library",
            "autoload": {
                "psr-4": {
                    "RainSunshineCloud\\": "src/"
                }
            },
            "notification-url": "https://packagist.org/downloads/",
            "authors": [
                {
                    "name": "RainSunshineCloud",
                    "email": "931035553@qq.com"
                }
            ],
            "description": "这是一个model调度类",
            "time": "2019-03-05T06:49:09+00:00"
        },
        {
            "name": "rain_sunshine_cloud/php_captcha",
            "version": "v1.0",
            "source": {
                "type": "git",
                "url": "https://github.com/RainSunshineCloud/php_captcha.git",
                "reference": "14dadaf2779b5b395ed173dfebf3c3b82ae8d679"
            },
            "dist": {
                "type": "zip",
                "url": "https://api.github.com/repos/RainSunshineCloud/php_captcha/zipball/14dadaf2779b5b395ed173dfebf3c3b82ae8d679",
                "reference": "14dadaf2779b5b395ed173dfebf3c3b82ae8d679",
                "shasum": ""
            },
            "require": {
                "ext-gd": "*",
                "php": ">=5.3.0"
            },
            "type": "library",
            "autoload": {
                "psr-4": {
                    "RainSunshineCloud\\": "src/"
                }
            },
            "notification-url": "https://packagist.org/downloads/",
            "authors": [
                {
                    "name": "RainSunshineCloud",
                    "email": "931035553@qq.com"
                }
            ],
            "time": "2018-12-26T04:45:00+00:00"
        },
        {
            "name": "rain_sunshine_cloud/request",
            "version": "v1.0",
            "source": {
                "type": "git",
                "url": "https://github.com/RainSunshineCloud/request.git",
                "reference": "628cc48f2a74465141cad905fe1fe3b8de73069b"
            },
            "dist": {
                "type": "zip",
                "url": "https://api.github.com/repos/RainSunshineCloud/request/zipball/628cc48f2a74465141cad905fe1fe3b8de73069b",
                "reference": "628cc48f2a74465141cad905fe1fe3b8de73069b",
                "shasum": ""
            },
            "type": "library",
            "autoload": {
                "psr-4": {
                    "RainSunshineCloud\\": "src/"
                }
            },
            "notification-url": "https://packagist.org/downloads/",
            "authors": [
                {
                    "name": "RainSunshineCloud",
                    "email": "931035553@qq.com"
                }
            ],
            "description": "这是一起请求接收参数类",
            "time": "2019-04-05T08:14:20+00:00"
        },
        {
            "name": "rain_sunshine_cloud/sql",
            "version": "dev-master",
            "source": {
                "type": "git",
                "url": "https://github.com/RainSunshineCloud/sql.git",
                "reference": "3dfec9297e453e710cd68266fd59464af3103f1b"
            },
            "dist": {
                "type": "zip",
                "url": "https://api.github.com/repos/RainSunshineCloud/sql/zipball/3dfec9297e453e710cd68266fd59464af3103f1b",
                "reference": "3dfec9297e453e710cd68266fd59464af3103f1b",
                "shasum": ""
            },
            "require": {
                "php": ">=5.3.0"
            },
            "type": "library",
            "autoload": {
                "psr-4": {
                    "RainSunshineCloud\\": "src/"
                }
            },
            "notification-url": "https://packagist.org/downloads/",
            "authors": [
                {
                    "name": "RainSunshineCloud",
                    "email": "931035553@qq.com"
                }
            ],
            "description": "这是一个关系型数据库的Sql类",
            "time": "2018-12-28T03:36:47+00:00"
        },
        {
            "name": "rain_sunshine_cloud/uploads",
            "version": "v1.0",
            "source": {
                "type": "git",
                "url": "https://github.com/RainSunshineCloud/uploads.git",
                "reference": "e639f2c172fe1864d5372ee831a1f8c78b8a69e5"
            },
            "dist": {
                "type": "zip",
                "url": "https://api.github.com/repos/RainSunshineCloud/uploads/zipball/e639f2c172fe1864d5372ee831a1f8c78b8a69e5",
                "reference": "e639f2c172fe1864d5372ee831a1f8c78b8a69e5",
                "shasum": ""
            },
            "require": {
                "php": ">=5.3.0"
            },
            "type": "library",
            "autoload": {
                "psr-4": {
                    "RainSunshineCloud\\": "src/"
                }
            },
            "notification-url": "https://packagist.org/downloads/",
            "authors": [
                {
                    "name": "RainSunshineCloud",
                    "email": "931035553@qq.com"
                }
            ],
            "time": "2018-12-26T04:29:08+00:00"
        }
    ],
    "packages-dev": [],
    "aliases": [],
    "minimum-stability": "dev",
    "stability-flags": {
        "rain_sunshine_cloud/model": 20
    },
    "prefer-stable": true,
    "prefer-lowest": false,
    "platform": [],
    "platform-dev": []
}
